
Microsoft Visual Studio Solution File, Format Version 12.00
# Visual Studio Version 17
VisualStudioVersion = 17.14.36301.6
MinimumVisualStudioVersion = 10.0.40219.1
Project("{FAE04EC0-301F-11D3-BF4B-00C04F79EFBC}") = "CarSales.Application", "CarSales.Application\CarSales.Application.csproj", "{09EF3F27-269A-42A8-B597-60086B513F5C}"
EndProject
Project("{FAE04EC0-301F-11D3-BF4B-00C04F79EFBC}") = "CarSales.Infrastructure", "CarSales.Infrastructure\CarSales.Infrastructure.csproj", "{4B8D91B3-37E6-4DE7-B611-87A994DFE717}"
EndProject
Project("{FAE04EC0-301F-11D3-BF4B-00C04F79EFBC}") = "CarSales.Domain", "CarSales.Domain\CarSales.Domain.csproj", "{19C7904B-760A-4517-90EF-A4DE66088562}"
EndProject
Project("{FAE04EC0-301F-11D3-BF4B-00C04F79EFBC}") = "CarSales.Api", "CarSales.Api\CarSales.Api.csproj", "{2032485B-C7BC-4330-8D5A-3BC6F163007E}"
EndProject
Project("{FAE04EC0-301F-11D3-BF4B-00C04F79EFBC}") = "CarSales.Contracts", "CarSales.Contracts\CarSales.Contracts.csproj", "{A65CBF7B-AE72-4E90-908B-A6163CC24F64}"
EndProject
Global
	GlobalSection(SolutionConfigurationPlatforms) = preSolution
		Debug|Any CPU = Debug|Any CPU
		Release|Any CPU = Release|Any CPU
	EndGlobalSection
	GlobalSection(ProjectConfigurationPlatforms) = postSolution
		{09EF3F27-269A-42A8-B597-60086B513F5C}.Debug|Any CPU.ActiveCfg = Debug|Any CPU
		{09EF3F27-269A-42A8-B597-60086B513F5C}.Debug|Any CPU.Build.0 = Debug|Any CPU
		{09EF3F27-269A-42A8-B597-60086B513F5C}.Release|Any CPU.ActiveCfg = Release|Any CPU
		{09EF3F27-269A-42A8-B597-60086B513F5C}.Release|Any CPU.Build.0 = Release|Any CPU
		{4B8D91B3-37E6-4DE7-B611-87A994DFE717}.Debug|Any CPU.ActiveCfg = Debug|Any CPU
		{4B8D91B3-37E6-4DE7-B611-87A994DFE717}.Debug|Any CPU.Build.0 = Debug|Any CPU
		{4B8D91B3-37E6-4DE7-B611-87A994DFE717}.Release|Any CPU.ActiveCfg = Release|Any CPU
		{4B8D91B3-37E6-4DE7-B611-87A994DFE717}.Release|Any CPU.Build.0 = Release|Any CPU
		{19C7904B-760A-4517-90EF-A4DE66088562}.Debug|Any CPU.ActiveCfg = Debug|Any CPU
		{19C7904B-760A-4517-90EF-A4DE66088562}.Debug|Any CPU.Build.0 = Debug|Any CPU
		{19C7904B-760A-4517-90EF-A4DE66088562}.Release|Any CPU.ActiveCfg = Release|Any CPU
		{19C7904B-760A-4517-90EF-A4DE66088562}.Release|Any CPU.Build.0 = Release|Any CPU
		{2032485B-C7BC-4330-8D5A-3BC6F163007E}.Debug|Any CPU.ActiveCfg = Debug|Any CPU
		{2032485B-C7BC-4330-8D5A-3BC6F163007E}.Debug|Any CPU.Build.0 = Debug|Any CPU
		{2032485B-C7BC-4330-8D5A-3BC6F163007E}.Release|Any CPU.ActiveCfg = Release|Any CPU
		{2032485B-C7BC-4330-8D5A-3BC6F163007E}.Release|Any CPU.Build.0 = Release|Any CPU
		{A65CBF7B-AE72-4E90-908B-A6163CC24F64}.Debug|Any CPU.ActiveCfg = Debug|Any CPU
		{A65CBF7B-AE72-4E90-908B-A6163CC24F64}.Debug|Any CPU.Build.0 = Debug|Any CPU
		{A65CBF7B-AE72-4E90-908B-A6163CC24F64}.Release|Any CPU.ActiveCfg = Release|Any CPU
		{A65CBF7B-AE72-4E90-908B-A6163CC24F64}.Release|Any CPU.Build.0 = Release|Any CPU
	EndGlobalSection
	GlobalSection(SolutionProperties) = preSolution
		HideSolutionNode = FALSE
	EndGlobalSection
	GlobalSection(ExtensibilityGlobals) = postSolution
		SolutionGuid = {3D9ED635-000A-484C-9A3D-8331B9C92451}
	EndGlobalSection
EndGlobal
